// !$*UTF8*$!
{
	archiveVersion = 1;
	classes = {
	};
	objectVersion = 77;
	objects = {

/* Begin PBXContainerItemProxy section */
		A0E403F72E3AABFC00288E6A /* PBXContainerItemProxy */ = {
			isa = PBXContainerItemProxy;
			containerPortal = A0E403DC2E3AABFA00288E6A /* Project object */;
			proxyType = 1;
			remoteGlobalIDString = A0E403E32E3AABFA00288E6A;
			remoteInfo = IphoneAppOfficial;
		};
		A0E404012E3AABFC00288E6A /* PBXContainerItemProxy */ = {
			isa = PBXContainerItemProxy;
			containerPortal = A0E403DC2E3AABFA00288E6A /* Project object */;
			proxyType = 1;
			remoteGlobalIDString = A0E403E32E3AABFA00288E6A;
			remoteInfo = IphoneAppOfficial;
		};
/* End PBXContainerItemProxy section */

/* Begin PBXFileReference section */
		A0E403E42E3AABFA00288E6A /* IphoneAppOfficial.app */ = {isa = PBXFileReference; explicitFileType = wrapper.application; includeInIndex = 0; path = IphoneAppOfficial.app; sourceTree = BUILT_PRODUCTS_DIR; };
		A0E403F62E3AABFC00288E6A /* IphoneAppOfficialTests.xctest */ = {isa = PBXFileReference; explicitFileType = wrapper.cfbundle; includeInIndex = 0; path = IphoneAppOfficialTests.xctest; sourceTree = BUILT_PRODUCTS_DIR; };
		A0E404002E3AABFC00288E6A /* IphoneAppOfficialUITests.xctest */ = {isa = PBXFileReference; explicitFileType = wrapper.cfbundle; includeInIndex = 0; path = IphoneAppOfficialUITests.xctest; sourceTree = BUILT_PRODUCTS_DIR; };
/* End PBXFileReference section */

/* Begin PBXFileSystemSynchronizedRootGroup section */
		A0E403E62E3AABFA00288E6A /* IphoneAppOfficial */ = {
			isa = PBXFileSystemSynchronizedRootGroup;
			path = IphoneAppOfficial;
			sourceTree = "<group>";
		};
		A0E403F92E3AABFC00288E6A /* IphoneAppOfficialTests */ = {
			isa = PBXFileSystemSynchronizedRootGroup;
			path = IphoneAppOfficialTests;
			sourceTree = "<group>";
		};
		A0E404032E3AABFC00288E6A /* IphoneAppOfficialUITests */ = {
			isa = PBXFileSystemSynchronizedRootGroup;
			path = IphoneAppOfficialUITests;
			sourceTree = "<group>";
		};
/* End PBXFileSystemSynchronizedRootGroup section */

/* Begin PBXFrameworksBuildPhase section */
		A0E403E12E3AABFA00288E6A /* Frameworks */ = {
			isa = PBXFrameworksBuildPhase;
			buildActionMask = 2147483647;
			files = (
			);
			runOnlyForDeploymentPostprocessing = 0;
		};
		A0E403F32E3AABFC00288E6A /* Frameworks */ = {
			isa = PBXFrameworksBuildPhase;
			buildActionMask = 2147483647;
			files = (
			);
			runOnlyForDeploymentPostprocessing = 0;
		};
		A0E403FD2E3AABFC00288E6A /* Frameworks */ = {
			isa = PBXFrameworksBuildPhase;
			buildActionMask = 2147483647;
			files = (
			);
			runOnlyForDeploymentPostprocessing = 0;
		};
/* End PBXFrameworksBuildPhase section */

/* Begin PBXGroup section */
		A0E403DB2E3AABFA00288E6A = {
			isa = PBXGroup;
			children = (
				A0E403E62E3AABFA00288E6A /* IphoneAppOfficial */,
				A0E403F92E3AABFC00288E6A /* IphoneAppOfficialTests */,
				A0E404032E3AABFC00288E6A /* IphoneAppOfficialUITests */,
				A0E403E52E3AABFA00288E6A /* Products */,
			);
			sourceTree = "<group>";
		};
		A0E403E52E3AABFA00288E6A /* Products */ = {
			isa = PBXGroup;
			children = (
				A0E403E42E3AABFA00288E6A /* IphoneAppOfficial.app */,
				A0E403F62E3AABFC00288E6A /* IphoneAppOfficialTests.xctest */,
				A0E404002E3AABFC00288E6A /* IphoneAppOfficialUITests.xctest */,
			);
			name = Products;
			sourceTree = "<group>";
		};
/* End PBXGroup section */

/* Begin PBXNativeTarget section */
		A0E403E32E3AABFA00288E6A /* IphoneAppOfficial */ = {
			isa = PBXNativeTarget;
			buildConfigurationList = A0E4040A2E3AABFC00288E6A /* Build configuration list for PBXNativeTarget "IphoneAppOfficial" */;
			buildPhases = (
				A0E403E02E3AABFA00288E6A /* Sources */,
				A0E403E12E3AABFA00288E6A /* Frameworks */,
				A0E403E22E3AABFA00288E6A /* Resources */,
			);
			buildRules = (
			);
			dependencies = (
			);
			fileSystemSynchronizedGroups = (
				A0E403E62E3AABFA00288E6A /* IphoneAppOfficial */,
			);
			name = IphoneAppOfficial;
			packageProductDependencies = (
			);
			productName = IphoneAppOfficial;
			productReference = A0E403E42E3AABFA00288E6A /* IphoneAppOfficial.app */;
			productType = "com.apple.product-type.application";
		};
		A0E403F52E3AABFC00288E6A /* IphoneAppOfficialTests */ = {
			isa = PBXNativeTarget;
			buildConfigurationList = A0E4040D2E3AABFC00288E6A /* Build configuration list for PBXNativeTarget "IphoneAppOfficialTests" */;
			buildPhases = (
				A0E403F22E3AABFC00288E6A /* Sources */,
				A0E403F32E3AABFC00288E6A /* Frameworks */,
				A0E403F42E3AABFC00288E6A /* Resources */,
			);
			buildRules = (
			);
			dependencies = (
				A0E403F82E3AABFC00288E6A /* PBXTargetDependency */,
			);
			fileSystemSynchronizedGroups = (
				A0E403F92E3AABFC00288E6A /* IphoneAppOfficialTests */,
			);
			name = IphoneAppOfficialTests;
			packageProductDependencies = (
			);
			productName = IphoneAppOfficialTests;
			productReference = A0E403F62E3AABFC00288E6A /* IphoneAppOfficialTests.xctest */;
			productType = "com.apple.product-type.bundle.unit-test";
		};
		A0E403FF2E3AABFC00288E6A /* IphoneAppOfficialUITests */ = {
			isa = PBXNativeTarget;
			buildConfigurationList = A0E404102E3AABFC00288E6A /* Build configuration list for PBXNativeTarget "IphoneAppOfficialUITests" */;
			buildPhases = (
				A0E403FC2E3AABFC00288E6A /* Sources */,
				A0E403FD2E3AABFC00288E6A /* Frameworks */,
				A0E403FE2E3AABFC00288E6A /* Resources */,
			);
			buildRules = (
			);
			dependencies = (
				A0E404022E3AABFC00288E6A /* PBXTargetDependency */,
			);
			fileSystemSynchronizedGroups = (
				A0E404032E3AABFC00288E6A /* IphoneAppOfficialUITests */,
			);
			name = IphoneAppOfficialUITests;
			packageProductDependencies = (
			);
			productName = IphoneAppOfficialUITests;
			productReference = A0E404002E3AABFC00288E6A /* IphoneAppOfficialUITests.xctest */;
			productType = "com.apple.product-type.bundle.ui-testing";
		};
/* End PBXNativeTarget section */

/* Begin PBXProject section */
		A0E403DC2E3AABFA00288E6A /* Project object */ = {
			isa = PBXProject;
			attributes = {
				BuildIndependentTargetsInParallel = 1;
				LastSwiftUpdateCheck = 1640;
				LastUpgradeCheck = 1640;
				TargetAttributes = {
					A0E403E32E3AABFA00288E6A = {
						CreatedOnToolsVersion = 16.4;
					};
					A0E403F52E3AABFC00288E6A = {
						CreatedOnToolsVersion = 16.4;
						TestTargetID = A0E403E32E3AABFA00288E6A;
					};
					A0E403FF2E3AABFC00288E6A = {
						CreatedOnToolsVersion = 16.4;
						TestTargetID = A0E403E32E3AABFA00288E6A;
					};
				};
			};
			buildConfigurationList = A0E403DF2E3AABFA00288E6A /* Build configuration list for PBXProject "IphoneAppOfficial" */;
			developmentRegion = en;
			hasScannedForEncodings = 0;
			knownRegions = (
				en,
				Base,
			);
			mainGroup = A0E403DB2E3AABFA00288E6A;
			minimizedProjectReferenceProxies = 1;
			preferredProjectObjectVersion = 77;
			productRefGroup = A0E403E52E3AABFA00288E6A /* Products */;
			projectDirPath = "";
			projectRoot = "";
			targets = (
				A0E403E32E3AABFA00288E6A /* IphoneAppOfficial */,
				A0E403F52E3AABFC00288E6A /* IphoneAppOfficialTests */,
				A0E403FF2E3AABFC00288E6A /* IphoneAppOfficialUITests */,
			);
		};
/* End PBXProject section */

/* Begin PBXResourcesBuildPhase section */
		A0E403E22E3AABFA00288E6A /* Resources */ = {
			isa = PBXResourcesBuildPhase;
			buildActionMask = 2147483647;
			files = (
			);
			runOnlyForDeploymentPostprocessing = 0;
		};
		A0E403F42E3AABFC00288E6A /* Resources */ = {
			isa = PBXResourcesBuildPhase;
			buildActionMask = 2147483647;
			files = (
			);
			runOnlyForDeploymentPostprocessing = 0;
		};
		A0E403FE2E3AABFC00288E6A /* Resources */ = {
			isa = PBXResourcesBuildPhase;
			buildActionMask = 2147483647;
			files = (
			);
			runOnlyForDeploymentPostprocessing = 0;
		};
/* End PBXResourcesBuildPhase section */

/* Begin PBXSourcesBuildPhase section */
		A0E403E02E3AABFA00288E6A /* Sources */ = {
			isa = PBXSourcesBuildPhase;
			buildActionMask = 2147483647;
			files = (
			);
			runOnlyForDeploymentPostprocessing = 0;
		};
		A0E403F22E3AABFC00288E6A /* Sources */ = {
			isa = PBXSourcesBuildPhase;
			buildActionMask = 2147483647;
			files = (
			);
			runOnlyForDeploymentPostprocessing = 0;
		};
		A0E403FC2E3AABFC00288E6A /* Sources */ = {
			isa = PBXSourcesBuildPhase;
			buildActionMask = 2147483647;
			files = (
			);
			runOnlyForDeploymentPostprocessing = 0;
		};
/* End PBXSourcesBuildPhase section */

/* Begin PBXTargetDependency section */
		A0E403F82E3AABFC00288E6A /* PBXTargetDependency */ = {
			isa = PBXTargetDependency;
			target = A0E403E32E3AABFA00288E6A /* IphoneAppOfficial */;
			targetProxy = A0E403F72E3AABFC00288E6A /* PBXContainerItemProxy */;
		};
		A0E404022E3AABFC00288E6A /* PBXTargetDependency */ = {
			isa = PBXTargetDependency;
			target = A0E403E32E3AABFA00288E6A /* IphoneAppOfficial */;
			targetProxy = A0E404012E3AABFC00288E6A /* PBXContainerItemProxy */;
		};
/* End PBXTargetDependency section */

/* Begin XCBuildConfiguration section */
		A0E404082E3AABFC00288E6A /* Debug */ = {
			isa = XCBuildConfiguration;
			buildSettings = {
				ALWAYS_SEARCH_USER_PATHS = NO;
				ASSETCATALOG_COMPILER_GENERATE_SWIFT_ASSET_SYMBOL_EXTENSIONS = YES;
				CLANG_ANALYZER_NONNULL = YES;
				CLANG_ANALYZER_NUMBER_OBJECT_CONVERSION = YES_AGGRESSIVE;
				CLANG_CXX_LANGUAGE_STANDARD = "gnu++20";
				CLANG_ENABLE_MODULES = YES;
				CLANG_ENABLE_OBJC_ARC = YES;
				CLANG_ENABLE_OBJC_WEAK = YES;
				CLANG_WARN_BLOCK_CAPTURE_AUTORELEASING = YES;
				CLANG_WARN_BOOL_CONVERSION = YES;
				CLANG_WARN_COMMA = YES;
				CLANG_WARN_CONSTANT_CONVERSION = YES;
				CLANG_WARN_DEPRECATED_OBJC_IMPLEMENTATIONS = YES;
				CLANG_WARN_DIRECT_OBJC_ISA_USAGE = YES_ERROR;
				CLANG_WARN_DOCUMENTATION_COMMENTS = YES;
				CLANG_WARN_EMPTY_BODY = YES;
				CLANG_WARN_ENUM_CONVERSION = YES;
				CLANG_WARN_INFINITE_RECURSION = YES;
				CLANG_WARN_INT_CONVERSION = YES;
				CLANG_WARN_NON_LITERAL_NULL_CONVERSION = YES;
				CLANG_WARN_OBJC_IMPLICIT_RETAIN_SELF = YES;
				CLANG_WARN_OBJC_LITERAL_CONVERSION = YES;
				CLANG_WARN_OBJC_ROOT_CLASS = YES_ERROR;
				CLANG_WARN_QUOTED_INCLUDE_IN_FRAMEWORK_HEADER = YES;
				CLANG_WARN_RANGE_LOOP_ANALYSIS = YES;
				CLANG_WARN_STRICT_PROTOTYPES = YES;
				CLANG_WARN_SUSPICIOUS_MOVE = YES;
				CLANG_WARN_UNGUARDED_AVAILABILITY = YES_AGGRESSIVE;
				CLANG_WARN_UNREACHABLE_CODE = YES;
				CLANG_WARN__DUPLICATE_METHOD_MATCH = YES;
				COPY_PHASE_STRIP = NO;
				DEBUG_INFORMATION_FORMAT = dwarf;
				ENABLE_STRICT_OBJC_MSGSEND = YES;
				ENABLE_TESTABILITY = YES;
				ENABLE_USER_SCRIPT_SANDBOXING = YES;
				GCC_C_LANGUAGE_STANDARD = gnu17;
				GCC_DYNAMIC_NO_PIC = NO;
				GCC_NO_COMMON_BLOCKS = YES;
				GCC_OPTIMIZATION_LEVEL = 0;
				GCC_PREPROCESSOR_DEFINITIONS = (
					"DEBUG=1",
					"$(inherited)",
				);
				GCC_WARN_64_TO_32_BIT_CONVERSION = YES;
				GCC_WARN_ABOUT_RETURN_TYPE = YES_ERROR;
				GCC_WARN_UNDECLARED_SELECTOR = YES;
				GCC_WARN_UNINITIALIZED_AUTOS = YES_AGGRESSIVE;
				GCC_WARN_UNUSED_FUNCTION = YES;
				GCC_WARN_UNUSED_VARIABLE = YES;
				IPHONEOS_DEPLOYMENT_TARGET = 18.5;
				LOCALIZATION_PREFERS_STRING_CATALOGS = YES;
				MTL_ENABLE_DEBUG_INFO = INCLUDE_SOURCE;
				MTL_FAST_MATH = YES;
				ONLY_ACTIVE_ARCH = YES;
				SDKROOT = iphoneos;
				SWIFT_ACTIVE_COMPILATION_CONDITIONS = "DEBUG $(inherited)";
				SWIFT_OPTIMIZATION_LEVEL = "-Onone";
			};
			name = Debug;
		};
		A0E404092E3AABFC00288E6A /* Release */ = {
			isa = XCBuildConfiguration;
			buildSettings = {
				ALWAYS_SEARCH_USER_PATHS = NO;
				ASSETCATALOG_COMPILER_GENERATE_SWIFT_ASSET_SYMBOL_EXTENSIONS = YES;
				CLANG_ANALYZER_NONNULL = YES;
				CLANG_ANALYZER_NUMBER_OBJECT_CONVERSION = YES_AGGRESSIVE;
				CLANG_CXX_LANGUAGE_STANDARD = "gnu++20";
				CLANG_ENABLE_MODULES = YES;
				CLANG_ENABLE_OBJC_ARC = YES;
				CLANG_ENABLE_OBJC_WEAK = YES;
				CLANG_WARN_BLOCK_CAPTURE_AUTORELEASING = YES;
				CLANG_WARN_BOOL_CONVERSION = YES;
				CLANG_WARN_COMMA = YES;
				CLANG_WARN_CONSTANT_CONVERSION = YES;
				CLANG_WARN_DEPRECATED_OBJC_IMPLEMENTATIONS = YES;
				CLANG_WARN_DIRECT_OBJC_ISA_USAGE = YES_ERROR;
				CLANG_WARN_DOCUMENTATION_COMMENTS = YES;
				CLANG_WARN_EMPTY_BODY = YES;
				CLANG_WARN_ENUM_CONVERSION = YES;
				CLANG_WARN_INFINITE_RECURSION = YES;
				CLANG_WARN_INT_CONVERSION = YES;
				CLANG_WARN_NON_LITERAL_NULL_CONVERSION = YES;
				CLANG_WARN_OBJC_IMPLICIT_RETAIN_SELF = YES;
				CLANG_WARN_OBJC_LITERAL_CONVERSION = YES;
				CLANG_WARN_OBJC_ROOT_CLASS = YES_ERROR;
				CLANG_WARN_QUOTED_INCLUDE_IN_FRAMEWORK_HEADER = YES;
				CLANG_WARN_RANGE_LOOP_ANALYSIS = YES;
				CLANG_WARN_STRICT_PROTOTYPES = YES;
				CLANG_WARN_SUSPICIOUS_MOVE = YES;
				CLANG_WARN_UNGUARDED_AVAILABILITY = YES_AGGRESSIVE;
				CLANG_WARN_UNREACHABLE_CODE = YES;
				CLANG_WARN__DUPLICATE_METHOD_MATCH = YES;
				COPY_PHASE_STRIP = NO;
				DEBUG_INFORMATION_FORMAT = "dwarf-with-dsym";
				ENABLE_NS_ASSERTIONS = NO;
				ENABLE_STRICT_OBJC_MSGSEND = YES;
				ENABLE_USER_SCRIPT_SANDBOXING = YES;
				GCC_C_LANGUAGE_STANDARD = gnu17;
				GCC_NO_COMMON_BLOCKS = YES;
				GCC_WARN_64_TO_32_BIT_CONVERSION = YES;
				GCC_WARN_ABOUT_RETURN_TYPE = YES_ERROR;
				GCC_WARN_UNDECLARED_SELECTOR = YES;
				GCC_WARN_UNINITIALIZED_AUTOS = YES_AGGRESSIVE;
				GCC_WARN_UNUSED_FUNCTION = YES;
				GCC_WARN_UNUSED_VARIABLE = YES;
				IPHONEOS_DEPLOYMENT_TARGET = 18.5;
				LOCALIZATION_PREFERS_STRING_CATALOGS = YES;
				MTL_ENABLE_DEBUG_INFO = NO;
				MTL_FAST_MATH = YES;
				SDKROOT = iphoneos;
				SWIFT_COMPILATION_MODE = wholemodule;
				VALIDATE_PRODUCT = YES;
			};
			name = Release;
		};
		A0E4040B2E3AABFC00288E6A /* Debug */ = {
			isa = XCBuildConfiguration;
			buildSettings = {
				ASSETCATALOG_COMPILER_APPICON_NAME = AppIcon;
				ASSETCATALOG_COMPILER_GLOBAL_ACCENT_COLOR_NAME = AccentColor;
				CODE_SIGN_STYLE = Automatic;
				CURRENT_PROJECT_VERSION = 1;
				DEVELOPMENT_TEAM = VSL945XRK4;
				ENABLE_PREVIEWS = YES;
				GENERATE_INFOPLIST_FILE = YES;
				INFOPLIST_KEY_UIApplicationSceneManifest_Generation = YES;
				INFOPLIST_KEY_UIApplicationSupportsIndirectInputEvents = YES;
				INFOPLIST_KEY_UILaunchScreen_Generation = YES;
				INFOPLIST_KEY_UISupportedInterfaceOrientations_iPad = "UIInterfaceOrientationPortrait UIInterfaceOrientationPortraitUpsideDown UIInterfaceOrientationLandscapeLeft UIInterfaceOrientationLandscapeRight";
				INFOPLIST_KEY_UISupportedInterfaceOrientations_iPhone = "UIInterfaceOrientationPortrait UIInterfaceOrientationLandscapeLeft UIInterfaceOrientationLandscapeRight";
				IPHONEOS_DEPLOYMENT_TARGET = 17.6;
				LD_RUNPATH_SEARCH_PATHS = (
					"$(inherited)",
					"@executable_path/Frameworks",
				);
				MARKETING_VERSION = 1.0;
				PRODUCT_BUNDLE_IDENTIFIER = ClayvonStudios.IphoneAppOfficial;
				PRODUCT_NAME = "$(TARGET_NAME)";
				SWIFT_EMIT_LOC_STRINGS = YES;
				SWIFT_VERSION = 5.0;
				TARGETED_DEVICE_FAMILY = "1,2";
			};
			name = Debug;
		};
		A0E4040C2E3AABFC00288E6A /* Release */ = {
			isa = XCBuildConfiguration;
			buildSettings = {
				ASSETCATALOG_COMPILER_APPICON_NAME = AppIcon;
				ASSETCATALOG_COMPILER_GLOBAL_ACCENT_COLOR_NAME = AccentColor;
				CODE_SIGN_STYLE = Automatic;
				CURRENT_PROJECT_VERSION = 1;
				DEVELOPMENT_TEAM = VSL945XRK4;
				ENABLE_PREVIEWS = YES;
				GENERATE_INFOPLIST_FILE = YES;
				INFOPLIST_KEY_UIApplicationSceneManifest_Generation = YES;
				INFOPLIST_KEY_UIApplicationSupportsIndirectInputEvents = YES;
				INFOPLIST_KEY_UILaunchScreen_Generation = YES;
				INFOPLIST_KEY_UISupportedInterfaceOrientations_iPad = "UIInterfaceOrientationPortrait UIInterfaceOrientationPortraitUpsideDown UIInterfaceOrientationLandscapeLeft UIInterfaceOrientationLandscapeRight";
				INFOPLIST_KEY_UISupportedInterfaceOrientations_iPhone = "UIInterfaceOrientationPortrait UIInterfaceOrientationLandscapeLeft UIInterfaceOrientationLandscapeRight";
				IPHONEOS_DEPLOYMENT_TARGET = 17.6;
				LD_RUNPATH_SEARCH_PATHS = (
					"$(inherited)",
					"@executable_path/Frameworks",
				);
				MARKETING_VERSION = 1.0;
				PRODUCT_BUNDLE_IDENTIFIER = ClayvonStudios.IphoneAppOfficial;
				PRODUCT_NAME = "$(TARGET_NAME)";
				SWIFT_EMIT_LOC_STRINGS = YES;
				SWIFT_VERSION = 5.0;
				TARGETED_DEVICE_FAMILY = "1,2";
			};
			name = Release;
		};
		A0E4040E2E3AABFC00288E6A /* Debug */ = {
			isa = XCBuildConfiguration;
			buildSettings = {
				BUNDLE_LOADER = "$(TEST_HOST)";
				CODE_SIGN_STYLE = Automatic;
				CURRENT_PROJECT_VERSION = 1;
				GENERATE_INFOPLIST_FILE = YES;
				IPHONEOS_DEPLOYMENT_TARGET = 18.5;
				MARKETING_VERSION = 1.0;
				PRODUCT_BUNDLE_IDENTIFIER = ClayvonStudios.IphoneAppOfficialTests;
				PRODUCT_NAME = "$(TARGET_NAME)";
				SWIFT_EMIT_LOC_STRINGS = NO;
				SWIFT_VERSION = 5.0;
				TARGETED_DEVICE_FAMILY = "1,2";
				TEST_HOST = "$(BUILT_PRODUCTS_DIR)/IphoneAppOfficial.app/$(BUNDLE_EXECUTABLE_FOLDER_PATH)/IphoneAppOfficial";
			};
			name = Debug;
		};
		A0E4040F2E3AABFC00288E6A /* Release */ = {
			isa = XCBuildConfiguration;
			buildSettings = {
				BUNDLE_LOADER = "$(TEST_HOST)";
				CODE_SIGN_STYLE = Automatic;
				CURRENT_PROJECT_VERSION = 1;
				GENERATE_INFOPLIST_FILE = YES;
				IPHONEOS_DEPLOYMENT_TARGET = 18.5;
				MARKETING_VERSION = 1.0;
				PRODUCT_BUNDLE_IDENTIFIER = ClayvonStudios.IphoneAppOfficialTests;
				PRODUCT_NAME = "$(TARGET_NAME)";
				SWIFT_EMIT_LOC_STRINGS = NO;
				SWIFT_VERSION = 5.0;
				TARGETED_DEVICE_FAMILY = "1,2";
				TEST_HOST = "$(BUILT_PRODUCTS_DIR)/IphoneAppOfficial.app/$(BUNDLE_EXECUTABLE_FOLDER_PATH)/IphoneAppOfficial";
			};
			name = Release;
		};
		A0E404112E3AABFC00288E6A /* Debug */ = {
			isa = XCBuildConfiguration;
			buildSettings = {
				CODE_SIGN_STYLE = Automatic;
				CURRENT_PROJECT_VERSION = 1;
				GENERATE_INFOPLIST_FILE = YES;
				MARKETING_VERSION = 1.0;
				PRODUCT_BUNDLE_IDENTIFIER = ClayvonStudios.IphoneAppOfficialUITests;
				PRODUCT_NAME = "$(TARGET_NAME)";
				SWIFT_EMIT_LOC_STRINGS = NO;
				SWIFT_VERSION = 5.0;
				TARGETED_DEVICE_FAMILY = "1,2";
				TEST_TARGET_NAME = IphoneAppOfficial;
			};
			name = Debug;
		};
		A0E404122E3AABFC00288E6A /* Release */ = {
			isa = XCBuildConfiguration;
			buildSettings = {
				CODE_SIGN_STYLE = Automatic;
				CURRENT_PROJECT_VERSION = 1;
				GENERATE_INFOPLIST_FILE = YES;
				MARKETING_VERSION = 1.0;
				PRODUCT_BUNDLE_IDENTIFIER = ClayvonStudios.IphoneAppOfficialUITests;
				PRODUCT_NAME = "$(TARGET_NAME)";
				SWIFT_EMIT_LOC_STRINGS = NO;
				SWIFT_VERSION = 5.0;
				TARGETED_DEVICE_FAMILY = "1,2";
				TEST_TARGET_NAME = IphoneAppOfficial;
			};
			name = Release;
		};
/* End XCBuildConfiguration section */

/* Begin XCConfigurationList section */
		A0E403DF2E3AABFA00288E6A /* Build configuration list for PBXProject "IphoneAppOfficial" */ = {
			isa = XCConfigurationList;
			buildConfigurations = (
				A0E404082E3AABFC00288E6A /* Debug */,
				A0E404092E3AABFC00288E6A /* Release */,
			);
			defaultConfigurationIsVisible = 0;
			defaultConfigurationName = Release;
		};
		A0E4040A2E3AABFC00288E6A /* Build configuration list for PBXNativeTarget "IphoneAppOfficial" */ = {
			isa = XCConfigurationList;
			buildConfigurations = (
				A0E4040B2E3AABFC00288E6A /* Debug */,
				A0E4040C2E3AABFC00288E6A /* Release */,
			);
			defaultConfigurationIsVisible = 0;
			defaultConfigurationName = Release;
		};
		A0E4040D2E3AABFC00288E6A /* Build configuration list for PBXNativeTarget "IphoneAppOfficialTests" */ = {
			isa = XCConfigurationList;
			buildConfigurations = (
				A0E4040E2E3AABFC00288E6A /* Debug */,
				A0E4040F2E3AABFC00288E6A /* Release */,
			);
			defaultConfigurationIsVisible = 0;
			defaultConfigurationName = Release;
		};
		A0E404102E3AABFC00288E6A /* Build configuration list for PBXNativeTarget "IphoneAppOfficialUITests" */ = {
			isa = XCConfigurationList;
			buildConfigurations = (
				A0E404112E3AABFC00288E6A /* Debug */,
				A0E404122E3AABFC00288E6A /* Release */,
			);
			defaultConfigurationIsVisible = 0;
			defaultConfigurationName = Release;
		};
/* End XCConfigurationList section */
	};
	rootObject = A0E403DC2E3AABFA00288E6A /* Project object */;
}
